
Microsoft Visual Studio Solution File, Format Version 12.00
# Visual Studio Version 16
VisualStudioVersion = 16.0.31829.152
MinimumVisualStudioVersion = 10.0.40219.1
Project("{9A19103F-16F7-4668-BE54-9A1E7A4F7556}") = "WebsocketClient", "WebsocketClient.csproj", "{E52991FA-7108-4A3D-8D5C-93DAEFD5911A}"
EndProject
Global
	GlobalSection(SolutionConfigurationPlatforms) = preSolution
		Debug|Any CPU = Debug|Any CPU
		Release|Any CPU = Release|Any CPU
	EndGlobalSection
	GlobalSection(ProjectConfigurationPlatforms) = postSolution
		{E52991FA-7108-4A3D-8D5C-93DAEFD5911A}.Debug|Any CPU.ActiveCfg = Debug|Any CPU
		{E52991FA-7108-4A3D-8D5C-93DAEFD5911A}.Debug|Any CPU.Build.0 = Debug|Any CPU
		{E52991FA-7108-4A3D-8D5C-93DAEFD5911A}.Release|Any CPU.ActiveCfg = Release|Any CPU
		{E52991FA-7108-4A3D-8D5C-93DAEFD5911A}.Release|Any CPU.Build.0 = Release|Any CPU
	EndGlobalSection
	GlobalSection(SolutionProperties) = preSolution
		HideSolutionNode = FALSE
	EndGlobalSection
	GlobalSection(ExtensibilityGlobals) = postSolution
		SolutionGuid = {D0EB43AA-AD96-483E-83C3-CF39347D9817}
	EndGlobalSection
EndGlobal
